
Microsoft Visual Studio Solution File, Format Version 12.00
# Visual Studio Version 17
VisualStudioVersion = 17.11.35303.130
MinimumVisualStudioVersion = 10.0.40219.1
Project("{FAE04EC0-301F-11D3-BF4B-00C04F79EFBC}") = "FootballTournamentAPI", "FootballTournamentAPI\FootballTournamentAPI.csproj", "{DD5FF40D-5D10-46AD-BFC4-5FB6D5CC3F91}"
EndProject
Global
	GlobalSection(SolutionConfigurationPlatforms) = preSolution
		Debug|Any CPU = Debug|Any CPU
		Release|Any CPU = Release|Any CPU
	EndGlobalSection
	GlobalSection(ProjectConfigurationPlatforms) = postSolution
		{DD5FF40D-5D10-46AD-BFC4-5FB6D5CC3F91}.Debug|Any CPU.ActiveCfg = Debug|Any CPU
		{DD5FF40D-5D10-46AD-BFC4-5FB6D5CC3F91}.Debug|Any CPU.Build.0 = Debug|Any CPU
		{DD5FF40D-5D10-46AD-BFC4-5FB6D5CC3F91}.Release|Any CPU.ActiveCfg = Release|Any CPU
		{DD5FF40D-5D10-46AD-BFC4-5FB6D5CC3F91}.Release|Any CPU.Build.0 = Release|Any CPU
	EndGlobalSection
	GlobalSection(SolutionProperties) = preSolution
		HideSolutionNode = FALSE
	EndGlobalSection
	GlobalSection(ExtensibilityGlobals) = postSolution
		SolutionGuid = {BBCF48E0-E938-4B42-9BA0-1DA2EA4450CD}
	EndGlobalSection
EndGlobal
